
Microsoft Visual Studio Solution File, Format Version 12.00
# Visual Studio Version 16
VisualStudioVersion = 16.0.32802.440
MinimumVisualStudioVersion = 10.0.40219.1
Project("{9A19103F-16F7-4668-BE54-9A1E7A4F7556}") = "Mercearia_Produtos_API", "Mercearia_Produtos_API\Mercearia_Produtos_API.csproj", "{DCA58034-8C2D-48B1-B149-8DA3A0CCE0F4}"
EndProject
Project("{FAE04EC0-301F-11D3-BF4B-00C04F79EFBC}") = "Infra.Data", "Infra.Data\Infra.Data.csproj", "{D5C33917-BDF8-4301-807D-94575DB07D75}"
EndProject
Project("{FAE04EC0-301F-11D3-BF4B-00C04F79EFBC}") = "Domain", "Domain\Domain.csproj", "{114530EE-9DE6-4B74-814B-68CDD51C9B38}"
EndProject
Project("{FAE04EC0-301F-11D3-BF4B-00C04F79EFBC}") = "Services", "Services\Services.csproj", "{195E0383-CC6A-409E-BA58-AC1387523615}"
EndProject
Project("{FAE04EC0-301F-11D3-BF4B-00C04F79EFBC}") = "Test", "Test\Test.csproj", "{B5CB51CA-74A2-4847-9188-AC1F46B94C33}"
EndProject
Global
	GlobalSection(SolutionConfigurationPlatforms) = preSolution
		Debug|Any CPU = Debug|Any CPU
		Release|Any CPU = Release|Any CPU
	EndGlobalSection
	GlobalSection(ProjectConfigurationPlatforms) = postSolution
		{DCA58034-8C2D-48B1-B149-8DA3A0CCE0F4}.Debug|Any CPU.ActiveCfg = Debug|Any CPU
		{DCA58034-8C2D-48B1-B149-8DA3A0CCE0F4}.Debug|Any CPU.Build.0 = Debug|Any CPU
		{DCA58034-8C2D-48B1-B149-8DA3A0CCE0F4}.Release|Any CPU.ActiveCfg = Release|Any CPU
		{DCA58034-8C2D-48B1-B149-8DA3A0CCE0F4}.Release|Any CPU.Build.0 = Release|Any CPU
		{D5C33917-BDF8-4301-807D-94575DB07D75}.Debug|Any CPU.ActiveCfg = Debug|Any CPU
		{D5C33917-BDF8-4301-807D-94575DB07D75}.Debug|Any CPU.Build.0 = Debug|Any CPU
		{D5C33917-BDF8-4301-807D-94575DB07D75}.Release|Any CPU.ActiveCfg = Release|Any CPU
		{D5C33917-BDF8-4301-807D-94575DB07D75}.Release|Any CPU.Build.0 = Release|Any CPU
		{114530EE-9DE6-4B74-814B-68CDD51C9B38}.Debug|Any CPU.ActiveCfg = Debug|Any CPU
		{114530EE-9DE6-4B74-814B-68CDD51C9B38}.Debug|Any CPU.Build.0 = Debug|Any CPU
		{114530EE-9DE6-4B74-814B-68CDD51C9B38}.Release|Any CPU.ActiveCfg = Release|Any CPU
		{114530EE-9DE6-4B74-814B-68CDD51C9B38}.Release|Any CPU.Build.0 = Release|Any CPU
		{195E0383-CC6A-409E-BA58-AC1387523615}.Debug|Any CPU.ActiveCfg = Debug|Any CPU
		{195E0383-CC6A-409E-BA58-AC1387523615}.Debug|Any CPU.Build.0 = Debug|Any CPU
		{195E0383-CC6A-409E-BA58-AC1387523615}.Release|Any CPU.ActiveCfg = Release|Any CPU
		{195E0383-CC6A-409E-BA58-AC1387523615}.Release|Any CPU.Build.0 = Release|Any CPU
		{B5CB51CA-74A2-4847-9188-AC1F46B94C33}.Debug|Any CPU.ActiveCfg = Debug|Any CPU
		{B5CB51CA-74A2-4847-9188-AC1F46B94C33}.Debug|Any CPU.Build.0 = Debug|Any CPU
		{B5CB51CA-74A2-4847-9188-AC1F46B94C33}.Release|Any CPU.ActiveCfg = Release|Any CPU
		{B5CB51CA-74A2-4847-9188-AC1F46B94C33}.Release|Any CPU.Build.0 = Release|Any CPU
	EndGlobalSection
	GlobalSection(SolutionProperties) = preSolution
		HideSolutionNode = FALSE
	EndGlobalSection
	GlobalSection(ExtensibilityGlobals) = postSolution
		SolutionGuid = {31C125D2-9161-4960-9D7D-46F5B2D9537B}
	EndGlobalSection
EndGlobal
